
Microsoft Visual Studio Solution File, Format Version 12.00
# Visual Studio Version 16
VisualStudioVersion = 16.0.32106.194
MinimumVisualStudioVersion = 10.0.40219.1
Project("{FAE04EC0-301F-11D3-BF4B-00C04F79EFBC}") = "desktop_admin", "desktop_admin\desktop_admin.csproj", "{147C4669-00DE-4FB5-ADD5-A1142E4E02C6}"
EndProject
Global
	GlobalSection(SolutionConfigurationPlatforms) = preSolution
		Debug|Any CPU = Debug|Any CPU
		Release|Any CPU = Release|Any CPU
	EndGlobalSection
	GlobalSection(ProjectConfigurationPlatforms) = postSolution
		{147C4669-00DE-4FB5-ADD5-A1142E4E02C6}.Debug|Any CPU.ActiveCfg = Debug|Any CPU
		{147C4669-00DE-4FB5-ADD5-A1142E4E02C6}.Debug|Any CPU.Build.0 = Debug|Any CPU
		{147C4669-00DE-4FB5-ADD5-A1142E4E02C6}.Release|Any CPU.ActiveCfg = Release|Any CPU
		{147C4669-00DE-4FB5-ADD5-A1142E4E02C6}.Release|Any CPU.Build.0 = Release|Any CPU
	EndGlobalSection
	GlobalSection(SolutionProperties) = preSolution
		HideSolutionNode = FALSE
	EndGlobalSection
	GlobalSection(ExtensibilityGlobals) = postSolution
		SolutionGuid = {CFC7265E-A358-4C86-8E90-2CC4E5C2C29B}
	EndGlobalSection
EndGlobal
